
Microsoft Visual Studio Solution File, Format Version 12.00
# Visual Studio Version 17
VisualStudioVersion = 17.4.33110.190
MinimumVisualStudioVersion = 10.0.40219.1
Project("{FAE04EC0-301F-11D3-BF4B-00C04F79EFBC}") = "Assignment 2", "Assignment 2\Assignment 2.csproj", "{3407E9F4-9BFD-4617-AE24-37C694937094}"
EndProject
Project("{FAE04EC0-301F-11D3-BF4B-00C04F79EFBC}") = "string_length_test", "string_length_test\string_length_test.csproj", "{2E2F5467-70D9-4D2E-95E4-1534CCEC2BB5}"
EndProject
Global
	GlobalSection(SolutionConfigurationPlatforms) = preSolution
		Debug|Any CPU = Debug|Any CPU
		Release|Any CPU = Release|Any CPU
	EndGlobalSection
	GlobalSection(ProjectConfigurationPlatforms) = postSolution
		{3407E9F4-9BFD-4617-AE24-37C694937094}.Debug|Any CPU.ActiveCfg = Debug|Any CPU
		{3407E9F4-9BFD-4617-AE24-37C694937094}.Debug|Any CPU.Build.0 = Debug|Any CPU
		{3407E9F4-9BFD-4617-AE24-37C694937094}.Release|Any CPU.ActiveCfg = Release|Any CPU
		{3407E9F4-9BFD-4617-AE24-37C694937094}.Release|Any CPU.Build.0 = Release|Any CPU
		{2E2F5467-70D9-4D2E-95E4-1534CCEC2BB5}.Debug|Any CPU.ActiveCfg = Debug|Any CPU
		{2E2F5467-70D9-4D2E-95E4-1534CCEC2BB5}.Debug|Any CPU.Build.0 = Debug|Any CPU
		{2E2F5467-70D9-4D2E-95E4-1534CCEC2BB5}.Release|Any CPU.ActiveCfg = Release|Any CPU
		{2E2F5467-70D9-4D2E-95E4-1534CCEC2BB5}.Release|Any CPU.Build.0 = Release|Any CPU
	EndGlobalSection
	GlobalSection(SolutionProperties) = preSolution
		HideSolutionNode = FALSE
	EndGlobalSection
	GlobalSection(ExtensibilityGlobals) = postSolution
		SolutionGuid = {343641DD-A052-4580-B949-80033D821D76}
	EndGlobalSection
EndGlobal
